
Microsoft Visual Studio Solution File, Format Version 12.00
# Visual Studio Version 16
VisualStudioVersion = 16.0.31205.134
MinimumVisualStudioVersion = 10.0.40219.1
Project("{9A19103F-16F7-4668-BE54-9A1E7A4F7556}") = "ChatTek", "ChatTek\ChatTek.csproj", "{A421DBDF-1D0C-4DDF-9076-83F40499C4CE}"
EndProject
Project("{FAE04EC0-301F-11D3-BF4B-00C04F79EFBC}") = "Domain", "Domain\Domain.csproj", "{8CFF962A-C4AD-4076-A4A1-A03A205AB865}"
EndProject
Project("{FAE04EC0-301F-11D3-BF4B-00C04F79EFBC}") = "Application", "Application\Application.csproj", "{6E82EAC4-B44E-4054-A80D-9E6C02CDE3FA}"
EndProject
Project("{FAE04EC0-301F-11D3-BF4B-00C04F79EFBC}") = "Infrastructure", "Infrastructure\Infrastructure.csproj", "{DAA67301-831C-4DEF-8317-643949CAE8A3}"
EndProject
Global
	GlobalSection(SolutionConfigurationPlatforms) = preSolution
		Debug|Any CPU = Debug|Any CPU
		Release|Any CPU = Release|Any CPU
	EndGlobalSection
	GlobalSection(ProjectConfigurationPlatforms) = postSolution
		{A421DBDF-1D0C-4DDF-9076-83F40499C4CE}.Debug|Any CPU.ActiveCfg = Debug|Any CPU
		{A421DBDF-1D0C-4DDF-9076-83F40499C4CE}.Debug|Any CPU.Build.0 = Debug|Any CPU
		{A421DBDF-1D0C-4DDF-9076-83F40499C4CE}.Release|Any CPU.ActiveCfg = Release|Any CPU
		{A421DBDF-1D0C-4DDF-9076-83F40499C4CE}.Release|Any CPU.Build.0 = Release|Any CPU
		{8CFF962A-C4AD-4076-A4A1-A03A205AB865}.Debug|Any CPU.ActiveCfg = Debug|Any CPU
		{8CFF962A-C4AD-4076-A4A1-A03A205AB865}.Debug|Any CPU.Build.0 = Debug|Any CPU
		{8CFF962A-C4AD-4076-A4A1-A03A205AB865}.Release|Any CPU.ActiveCfg = Release|Any CPU
		{8CFF962A-C4AD-4076-A4A1-A03A205AB865}.Release|Any CPU.Build.0 = Release|Any CPU
		{6E82EAC4-B44E-4054-A80D-9E6C02CDE3FA}.Debug|Any CPU.ActiveCfg = Debug|Any CPU
		{6E82EAC4-B44E-4054-A80D-9E6C02CDE3FA}.Debug|Any CPU.Build.0 = Debug|Any CPU
		{6E82EAC4-B44E-4054-A80D-9E6C02CDE3FA}.Release|Any CPU.ActiveCfg = Release|Any CPU
		{6E82EAC4-B44E-4054-A80D-9E6C02CDE3FA}.Release|Any CPU.Build.0 = Release|Any CPU
		{DAA67301-831C-4DEF-8317-643949CAE8A3}.Debug|Any CPU.ActiveCfg = Debug|Any CPU
		{DAA67301-831C-4DEF-8317-643949CAE8A3}.Debug|Any CPU.Build.0 = Debug|Any CPU
		{DAA67301-831C-4DEF-8317-643949CAE8A3}.Release|Any CPU.ActiveCfg = Release|Any CPU
		{DAA67301-831C-4DEF-8317-643949CAE8A3}.Release|Any CPU.Build.0 = Release|Any CPU
	EndGlobalSection
	GlobalSection(SolutionProperties) = preSolution
		HideSolutionNode = FALSE
	EndGlobalSection
	GlobalSection(ExtensibilityGlobals) = postSolution
		SolutionGuid = {04EEBDEA-92AA-4A49-929D-6C40AE77059E}
	EndGlobalSection
EndGlobal
